
Microsoft Visual Studio Solution File, Format Version 12.00
# Visual Studio Version 17
VisualStudioVersion = 17.14.36203.30 d17.14
MinimumVisualStudioVersion = 10.0.40219.1
Project("{54A90642-561A-4BB1-A94E-469ADEE60C69}") = "tns.client", "tns.client\tns.client.esproj", "{DF8FB06D-76E6-AE01-DBCD-1C78BF6CA79C}"
EndProject
Project("{FAE04EC0-301F-11D3-BF4B-00C04F79EFBC}") = "tns.Server", "tns.Server\tns.Server.csproj", "{43F55768-A528-4807-9773-C86B71163E6B}"
EndProject
Project("{E53339B2-1760-4266-BCC7-CA923CBCF16C}") = "docker-compose", "docker-compose.dcproj", "{81DDED9D-158B-E303-5F62-77A2896D2A5A}"
EndProject
Global
	GlobalSection(SolutionConfigurationPlatforms) = preSolution
		Debug|Any CPU = Debug|Any CPU
		Release|Any CPU = Release|Any CPU
	EndGlobalSection
	GlobalSection(ProjectConfigurationPlatforms) = postSolution
		{DF8FB06D-76E6-AE01-DBCD-1C78BF6CA79C}.Debug|Any CPU.ActiveCfg = Debug|Any CPU
		{DF8FB06D-76E6-AE01-DBCD-1C78BF6CA79C}.Debug|Any CPU.Build.0 = Debug|Any CPU
		{DF8FB06D-76E6-AE01-DBCD-1C78BF6CA79C}.Debug|Any CPU.Deploy.0 = Debug|Any CPU
		{DF8FB06D-76E6-AE01-DBCD-1C78BF6CA79C}.Release|Any CPU.ActiveCfg = Release|Any CPU
		{DF8FB06D-76E6-AE01-DBCD-1C78BF6CA79C}.Release|Any CPU.Build.0 = Release|Any CPU
		{DF8FB06D-76E6-AE01-DBCD-1C78BF6CA79C}.Release|Any CPU.Deploy.0 = Release|Any CPU
		{43F55768-A528-4807-9773-C86B71163E6B}.Debug|Any CPU.ActiveCfg = Debug|Any CPU
		{43F55768-A528-4807-9773-C86B71163E6B}.Debug|Any CPU.Build.0 = Debug|Any CPU
		{43F55768-A528-4807-9773-C86B71163E6B}.Release|Any CPU.ActiveCfg = Release|Any CPU
		{43F55768-A528-4807-9773-C86B71163E6B}.Release|Any CPU.Build.0 = Release|Any CPU
		{81DDED9D-158B-E303-5F62-77A2896D2A5A}.Debug|Any CPU.ActiveCfg = Debug|Any CPU
		{81DDED9D-158B-E303-5F62-77A2896D2A5A}.Debug|Any CPU.Build.0 = Debug|Any CPU
		{81DDED9D-158B-E303-5F62-77A2896D2A5A}.Release|Any CPU.ActiveCfg = Release|Any CPU
		{81DDED9D-158B-E303-5F62-77A2896D2A5A}.Release|Any CPU.Build.0 = Release|Any CPU
	EndGlobalSection
	GlobalSection(SolutionProperties) = preSolution
		HideSolutionNode = FALSE
	EndGlobalSection
	GlobalSection(ExtensibilityGlobals) = postSolution
		SolutionGuid = {AA6899F2-586E-48C9-9059-984D3784B1E0}
	EndGlobalSection
EndGlobal
